
Microsoft Visual Studio Solution File, Format Version 11.00
# Visual Studio 2010
Project("{FAE04EC0-301F-11D3-BF4B-00C04F79EFBC}") = "BoDi", "BoDi\BoDi.csproj", "{1A0FA4D4-67AA-4650-81E9-49E06F3B6CB9}"
EndProject
Project("{FAE04EC0-301F-11D3-BF4B-00C04F79EFBC}") = "BoDi.Tests", "BoDi.Tests\BoDi.Tests.csproj", "{E5D27458-2053-4926-A7BC-4056E780C400}"
EndProject
Global
	GlobalSection(SolutionConfigurationPlatforms) = preSolution
		Debug|Any CPU = Debug|Any CPU
		Debug|Mixed Platforms = Debug|Mixed Platforms
		Debug|x86 = Debug|x86
		Release|Any CPU = Release|Any CPU
		Release|Mixed Platforms = Release|Mixed Platforms
		Release|x86 = Release|x86
	EndGlobalSection
	GlobalSection(ProjectConfigurationPlatforms) = postSolution
		{1A0FA4D4-67AA-4650-81E9-49E06F3B6CB9}.Debug|Any CPU.ActiveCfg = Debug|Any CPU
		{1A0FA4D4-67AA-4650-81E9-49E06F3B6CB9}.Debug|Any CPU.Build.0 = Debug|Any CPU
		{1A0FA4D4-67AA-4650-81E9-49E06F3B6CB9}.Debug|Mixed Platforms.ActiveCfg = Debug|Any CPU
		{1A0FA4D4-67AA-4650-81E9-49E06F3B6CB9}.Debug|Mixed Platforms.Build.0 = Debug|Any CPU
		{1A0FA4D4-67AA-4650-81E9-49E06F3B6CB9}.Debug|x86.ActiveCfg = Debug|Any CPU
		{1A0FA4D4-67AA-4650-81E9-49E06F3B6CB9}.Release|Any CPU.ActiveCfg = Release|Any CPU
		{1A0FA4D4-67AA-4650-81E9-49E06F3B6CB9}.Release|Any CPU.Build.0 = Release|Any CPU
		{1A0FA4D4-67AA-4650-81E9-49E06F3B6CB9}.Release|Mixed Platforms.ActiveCfg = Release|Any CPU
		{1A0FA4D4-67AA-4650-81E9-49E06F3B6CB9}.Release|Mixed Platforms.Build.0 = Release|Any CPU
		{1A0FA4D4-67AA-4650-81E9-49E06F3B6CB9}.Release|x86.ActiveCfg = Release|Any CPU
		{E5D27458-2053-4926-A7BC-4056E780C400}.Debug|Any CPU.ActiveCfg = Debug|Any CPU
		{E5D27458-2053-4926-A7BC-4056E780C400}.Debug|Any CPU.Build.0 = Debug|Any CPU
		{E5D27458-2053-4926-A7BC-4056E780C400}.Debug|Mixed Platforms.ActiveCfg = Debug|Any CPU
		{E5D27458-2053-4926-A7BC-4056E780C400}.Debug|Mixed Platforms.Build.0 = Debug|Any CPU
		{E5D27458-2053-4926-A7BC-4056E780C400}.Debug|x86.ActiveCfg = Debug|Any CPU
		{E5D27458-2053-4926-A7BC-4056E780C400}.Release|Any CPU.ActiveCfg = Release|Any CPU
		{E5D27458-2053-4926-A7BC-4056E780C400}.Release|Any CPU.Build.0 = Release|Any CPU
		{E5D27458-2053-4926-A7BC-4056E780C400}.Release|Mixed Platforms.ActiveCfg = Release|Any CPU
		{E5D27458-2053-4926-A7BC-4056E780C400}.Release|Mixed Platforms.Build.0 = Release|Any CPU
		{E5D27458-2053-4926-A7BC-4056E780C400}.Release|x86.ActiveCfg = Release|Any CPU
	EndGlobalSection
	GlobalSection(SolutionProperties) = preSolution
		HideSolutionNode = FALSE
	EndGlobalSection
EndGlobal
