
Microsoft Visual Studio Solution File, Format Version 12.00
# Visual Studio 15
VisualStudioVersion = 15.0.26430.12
MinimumVisualStudioVersion = 10.0.40219.1
Project("{FAE04EC0-301F-11D3-BF4B-00C04F79EFBC}") = "BoDi", "BoDi\BoDi.csproj", "{1A0FA4D4-67AA-4650-81E9-49E06F3B6CB9}"
EndProject
Project("{FAE04EC0-301F-11D3-BF4B-00C04F79EFBC}") = "BoDi.Tests", "BoDi.Tests\BoDi.Tests.csproj", "{E5D27458-2053-4926-A7BC-4056E780C400}"
EndProject
Project("{FAE04EC0-301F-11D3-BF4B-00C04F79EFBC}") = "BoDi.NuGetPackages", "BoDi.NuGetPackages\BoDi.NuGetPackages.csproj", "{EC40ACB0-A6B9-4776-9078-B1D72D244787}"
EndProject
Project("{2150E333-8FDC-42A3-9474-1A3956D46DE8}") = "Solution Items", "Solution Items", "{7217B121-6C06-433B-A8A0-A0B1CF18FFE0}"
	ProjectSection(SolutionItems) = preProject
		LICENSE.txt = LICENSE.txt
		README.rdoc = README.rdoc
	EndProjectSection
EndProject
Global
	GlobalSection(SolutionConfigurationPlatforms) = preSolution
		Debug|Any CPU = Debug|Any CPU
		LimitedRuntime_Debug|Any CPU = LimitedRuntime_Debug|Any CPU
		Release|Any CPU = Release|Any CPU
	EndGlobalSection
	GlobalSection(ProjectConfigurationPlatforms) = postSolution
		{1A0FA4D4-67AA-4650-81E9-49E06F3B6CB9}.Debug|Any CPU.ActiveCfg = Debug|Any CPU
		{1A0FA4D4-67AA-4650-81E9-49E06F3B6CB9}.Debug|Any CPU.Build.0 = Debug|Any CPU
		{1A0FA4D4-67AA-4650-81E9-49E06F3B6CB9}.LimitedRuntime_Debug|Any CPU.ActiveCfg = LimitedRuntime_Debug|Any CPU
		{1A0FA4D4-67AA-4650-81E9-49E06F3B6CB9}.LimitedRuntime_Debug|Any CPU.Build.0 = LimitedRuntime_Debug|Any CPU
		{1A0FA4D4-67AA-4650-81E9-49E06F3B6CB9}.Release|Any CPU.ActiveCfg = Release|Any CPU
		{1A0FA4D4-67AA-4650-81E9-49E06F3B6CB9}.Release|Any CPU.Build.0 = Release|Any CPU
		{E5D27458-2053-4926-A7BC-4056E780C400}.Debug|Any CPU.ActiveCfg = Debug|Any CPU
		{E5D27458-2053-4926-A7BC-4056E780C400}.Debug|Any CPU.Build.0 = Debug|Any CPU
		{E5D27458-2053-4926-A7BC-4056E780C400}.LimitedRuntime_Debug|Any CPU.ActiveCfg = LimitedRuntime_Debug|Any CPU
		{E5D27458-2053-4926-A7BC-4056E780C400}.LimitedRuntime_Debug|Any CPU.Build.0 = LimitedRuntime_Debug|Any CPU
		{E5D27458-2053-4926-A7BC-4056E780C400}.Release|Any CPU.ActiveCfg = Release|Any CPU
		{E5D27458-2053-4926-A7BC-4056E780C400}.Release|Any CPU.Build.0 = Release|Any CPU
		{EC40ACB0-A6B9-4776-9078-B1D72D244787}.Debug|Any CPU.ActiveCfg = Debug|Any CPU
		{EC40ACB0-A6B9-4776-9078-B1D72D244787}.Debug|Any CPU.Build.0 = Debug|Any CPU
		{EC40ACB0-A6B9-4776-9078-B1D72D244787}.LimitedRuntime_Debug|Any CPU.ActiveCfg = Debug|Any CPU
		{EC40ACB0-A6B9-4776-9078-B1D72D244787}.LimitedRuntime_Debug|Any CPU.Build.0 = Debug|Any CPU
		{EC40ACB0-A6B9-4776-9078-B1D72D244787}.Release|Any CPU.ActiveCfg = Debug|Any CPU
		{EC40ACB0-A6B9-4776-9078-B1D72D244787}.Release|Any CPU.Build.0 = Debug|Any CPU
	EndGlobalSection
	GlobalSection(SolutionProperties) = preSolution
		HideSolutionNode = FALSE
	EndGlobalSection
EndGlobal
